// !$*UTF8*$!
{
	archiveVersion = 1;
	classes = {
	};
	objectVersion = 56;
	objects = {

/* Begin PBXBuildFile section */
		0B08924B2982B96D00696B13 /* RMCharacterPhotoCollectionViewCell.swift in Sources */ = {isa = PBXBuildFile; fileRef = 0B08924A2982B96D00696B13 /* RMCharacterPhotoCollectionViewCell.swift */; };
		0B08924D2982B98500696B13 /* RMCharacterInfoCollectionViewCell.swift in Sources */ = {isa = PBXBuildFile; fileRef = 0B08924C2982B98500696B13 /* RMCharacterInfoCollectionViewCell.swift */; };
		0B08924F2982B99300696B13 /* RMCharacterEpisodeCollectionViewCell.swift in Sources */ = {isa = PBXBuildFile; fileRef = 0B08924E2982B99300696B13 /* RMCharacterEpisodeCollectionViewCell.swift */; };
		0B0892522982B9DF00696B13 /* RMCharacterPhotoCollectionViewCellViewModel.swift in Sources */ = {isa = PBXBuildFile; fileRef = 0B0892512982B9DF00696B13 /* RMCharacterPhotoCollectionViewCellViewModel.swift */; };
		0B0892542982B9F300696B13 /* RMCharacterInfoCollectionViewCellViewModel.swift in Sources */ = {isa = PBXBuildFile; fileRef = 0B0892532982B9F300696B13 /* RMCharacterInfoCollectionViewCellViewModel.swift */; };
		0B0892562982BA0000696B13 /* RMCharacterEpisodeCollectionViewCellViewModel.swift in Sources */ = {isa = PBXBuildFile; fileRef = 0B0892552982BA0000696B13 /* RMCharacterEpisodeCollectionViewCellViewModel.swift */; };
		0B2DD29B2980497400C54345 /* RMImageLoader.swift in Sources */ = {isa = PBXBuildFile; fileRef = 0B2DD29A2980497400C54345 /* RMImageLoader.swift */; };
		0B891E662975485600B65F72 /* AppDelegate.swift in Sources */ = {isa = PBXBuildFile; fileRef = 0B891E652975485600B65F72 /* AppDelegate.swift */; };
		0B891E682975485600B65F72 /* SceneDelegate.swift in Sources */ = {isa = PBXBuildFile; fileRef = 0B891E672975485600B65F72 /* SceneDelegate.swift */; };
		0B891E6A2975485600B65F72 /* RMTabBarController.swift in Sources */ = {isa = PBXBuildFile; fileRef = 0B891E692975485600B65F72 /* RMTabBarController.swift */; };
		0B891E6F2975485700B65F72 /* Assets.xcassets in Resources */ = {isa = PBXBuildFile; fileRef = 0B891E6E2975485700B65F72 /* Assets.xcassets */; };
		0B891E722975485700B65F72 /* LaunchScreen.storyboard in Resources */ = {isa = PBXBuildFile; fileRef = 0B891E702975485700B65F72 /* LaunchScreen.storyboard */; };
		0B891E8129754AB900B65F72 /* RMLocation.swift in Sources */ = {isa = PBXBuildFile; fileRef = 0B891E8029754AB900B65F72 /* RMLocation.swift */; };
		0B891E8329754ACD00B65F72 /* RMCharacter.swift in Sources */ = {isa = PBXBuildFile; fileRef = 0B891E8229754ACD00B65F72 /* RMCharacter.swift */; };
		0B891E8529754AF000B65F72 /* RMEpisode.swift in Sources */ = {isa = PBXBuildFile; fileRef = 0B891E8429754AF000B65F72 /* RMEpisode.swift */; };
		0B891E8829754B4900B65F72 /* RMCharacterViewController.swift in Sources */ = {isa = PBXBuildFile; fileRef = 0B891E8729754B4900B65F72 /* RMCharacterViewController.swift */; };
		0B891E8A29754B6200B65F72 /* RMLocationViewController.swift in Sources */ = {isa = PBXBuildFile; fileRef = 0B891E8929754B6200B65F72 /* RMLocationViewController.swift */; };
		0B891E8C29754B7600B65F72 /* RMEpisodeViewController.swift in Sources */ = {isa = PBXBuildFile; fileRef = 0B891E8B29754B7600B65F72 /* RMEpisodeViewController.swift */; };
		0B891E8F29754B8E00B65F72 /* RMSettingsViewController.swift in Sources */ = {isa = PBXBuildFile; fileRef = 0B891E8E29754B8E00B65F72 /* RMSettingsViewController.swift */; };
		0B891E912975CA4600B65F72 /* RMService.swift in Sources */ = {isa = PBXBuildFile; fileRef = 0B891E902975CA4600B65F72 /* RMService.swift */; };
		0B891E932975CA5A00B65F72 /* RMRequest.swift in Sources */ = {isa = PBXBuildFile; fileRef = 0B891E922975CA5A00B65F72 /* RMRequest.swift */; };
		0B891E952975CAF100B65F72 /* RMEndPoint.swift in Sources */ = {isa = PBXBuildFile; fileRef = 0B891E942975CAF100B65F72 /* RMEndPoint.swift */; };
		0B891E972976CEE400B65F72 /* RMOrigin.swift in Sources */ = {isa = PBXBuildFile; fileRef = 0B891E962976CEE400B65F72 /* RMOrigin.swift */; };
		0B891E992976CF4B00B65F72 /* RMSingleLocation.swift in Sources */ = {isa = PBXBuildFile; fileRef = 0B891E982976CF4B00B65F72 /* RMSingleLocation.swift */; };
		0B891E9B2976D0F100B65F72 /* RMCharacterStatus.swift in Sources */ = {isa = PBXBuildFile; fileRef = 0B891E9A2976D0F100B65F72 /* RMCharacterStatus.swift */; };
		0B891E9D2976D11D00B65F72 /* RMCharacterGender.swift in Sources */ = {isa = PBXBuildFile; fileRef = 0B891E9C2976D11D00B65F72 /* RMCharacterGender.swift */; };
		0B93A6962989A68100A26350 /* RMEpisodeDetailViewController.swift in Sources */ = {isa = PBXBuildFile; fileRef = 0B93A6952989A68100A26350 /* RMEpisodeDetailViewController.swift */; };
		0B93A698298AD13400A26350 /* RMAPICacheManager.swift in Sources */ = {isa = PBXBuildFile; fileRef = 0B93A697298AD13400A26350 /* RMAPICacheManager.swift */; };
		0B93A69A298ADD5400A26350 /* RMEpisodeDetailViewViewModel.swift in Sources */ = {isa = PBXBuildFile; fileRef = 0B93A699298ADD5400A26350 /* RMEpisodeDetailViewViewModel.swift */; };
		0B93A69C298ADDC100A26350 /* RMEpisodeDetailView.swift in Sources */ = {isa = PBXBuildFile; fileRef = 0B93A69B298ADDC100A26350 /* RMEpisodeDetailView.swift */; };
		0B93A69F298C291D00A26350 /* RMEpisodeListView.swift in Sources */ = {isa = PBXBuildFile; fileRef = 0B93A69E298C291D00A26350 /* RMEpisodeListView.swift */; };
		0B93A6A1298C2BE300A26350 /* RMEpisodeListViewViewModel.swift in Sources */ = {isa = PBXBuildFile; fileRef = 0B93A6A0298C2BE300A26350 /* RMEpisodeListViewViewModel.swift */; };
		0B93A6A3298D7D1400A26350 /* RMGetAllEpisodesResponse.swift in Sources */ = {isa = PBXBuildFile; fileRef = 0B93A6A2298D7D1400A26350 /* RMGetAllEpisodesResponse.swift */; };
		0B93A6A5298E994A00A26350 /* RMSearchViewController.swift in Sources */ = {isa = PBXBuildFile; fileRef = 0B93A6A4298E994900A26350 /* RMSearchViewController.swift */; };
		0B93A6A8298FF51C00A26350 /* RMEpisodeInfoCollectionViewCell.swift in Sources */ = {isa = PBXBuildFile; fileRef = 0B93A6A7298FF51C00A26350 /* RMEpisodeInfoCollectionViewCell.swift */; };
		0B93A6AB298FF55D00A26350 /* RMEpisodeInfoCollectionViewCellViewModel.swift in Sources */ = {isa = PBXBuildFile; fileRef = 0B93A6AA298FF55D00A26350 /* RMEpisodeInfoCollectionViewCellViewModel.swift */; };
		0B93A6AE299426CF00A26350 /* RMSettingsViewViewModel.swift in Sources */ = {isa = PBXBuildFile; fileRef = 0B93A6AD299426CF00A26350 /* RMSettingsViewViewModel.swift */; };
		0B93A6B02994273000A26350 /* RMSettingsCellViewModel.swift in Sources */ = {isa = PBXBuildFile; fileRef = 0B93A6AF2994273000A26350 /* RMSettingsCellViewModel.swift */; };
		0B93A6B2299427F200A26350 /* RMSettingsOption.swift in Sources */ = {isa = PBXBuildFile; fileRef = 0B93A6B1299427F200A26350 /* RMSettingsOption.swift */; };
		0B93A6B52995613F00A26350 /* RMSettingsView.swift in Sources */ = {isa = PBXBuildFile; fileRef = 0B93A6B42995613F00A26350 /* RMSettingsView.swift */; };
		0B93A6B8299AA9A800A26350 /* RMLocationView.swift in Sources */ = {isa = PBXBuildFile; fileRef = 0B93A6B7299AA9A800A26350 /* RMLocationView.swift */; };
		0B93A6BA299AAC2300A26350 /* RMLocationViewViewModel.swift in Sources */ = {isa = PBXBuildFile; fileRef = 0B93A6B9299AAC2300A26350 /* RMLocationViewViewModel.swift */; };
		0BC6B83B29773C1B0017EDD7 /* RMGetAllCharactersResponse.swift in Sources */ = {isa = PBXBuildFile; fileRef = 0BC6B83A29773C1B0017EDD7 /* RMGetAllCharactersResponse.swift */; };
		0BC6B83D2977F5AC0017EDD7 /* RMCharacterListViewViewModel.swift in Sources */ = {isa = PBXBuildFile; fileRef = 0BC6B83C2977F5AC0017EDD7 /* RMCharacterListViewViewModel.swift */; };
		0BC6B83F2977F63A0017EDD7 /* RMCharacterListView.swift in Sources */ = {isa = PBXBuildFile; fileRef = 0BC6B83E2977F63A0017EDD7 /* RMCharacterListView.swift */; };
		0BC6B8412978602B0017EDD7 /* Extensions.swift in Sources */ = {isa = PBXBuildFile; fileRef = 0BC6B8402978602B0017EDD7 /* Extensions.swift */; };
		0BC6B84329794A5E0017EDD7 /* RMCharacterCollectionViewCell.swift in Sources */ = {isa = PBXBuildFile; fileRef = 0BC6B84229794A5E0017EDD7 /* RMCharacterCollectionViewCell.swift */; };
		0BC6B84529794C3D0017EDD7 /* RMCharacterCollectionViewCellViewModel.swift in Sources */ = {isa = PBXBuildFile; fileRef = 0BC6B84429794C3D0017EDD7 /* RMCharacterCollectionViewCellViewModel.swift */; };
		0BC6B848297B117B0017EDD7 /* RMCharacterDetailViewController.swift in Sources */ = {isa = PBXBuildFile; fileRef = 0BC6B847297B117B0017EDD7 /* RMCharacterDetailViewController.swift */; };
		0BC6B84A297B124A0017EDD7 /* RMCharacterDetailView.swift in Sources */ = {isa = PBXBuildFile; fileRef = 0BC6B849297B124A0017EDD7 /* RMCharacterDetailView.swift */; };
		0BC6B84C297B126E0017EDD7 /* RMCharacterDetailViewViewModel.swift in Sources */ = {isa = PBXBuildFile; fileRef = 0BC6B84B297B126E0017EDD7 /* RMCharacterDetailViewViewModel.swift */; };
		0BC6B84E297D902C0017EDD7 /* RMFooterLoadingCollectionReusableView.swift in Sources */ = {isa = PBXBuildFile; fileRef = 0BC6B84D297D902C0017EDD7 /* RMFooterLoadingCollectionReusableView.swift */; };
/* End PBXBuildFile section */

/* Begin PBXFileReference section */
		0B08924A2982B96D00696B13 /* RMCharacterPhotoCollectionViewCell.swift */ = {isa = PBXFileReference; lastKnownFileType = sourcecode.swift; path = RMCharacterPhotoCollectionViewCell.swift; sourceTree = "<group>"; };
		0B08924C2982B98500696B13 /* RMCharacterInfoCollectionViewCell.swift */ = {isa = PBXFileReference; lastKnownFileType = sourcecode.swift; path = RMCharacterInfoCollectionViewCell.swift; sourceTree = "<group>"; };
		0B08924E2982B99300696B13 /* RMCharacterEpisodeCollectionViewCell.swift */ = {isa = PBXFileReference; lastKnownFileType = sourcecode.swift; path = RMCharacterEpisodeCollectionViewCell.swift; sourceTree = "<group>"; };
		0B0892512982B9DF00696B13 /* RMCharacterPhotoCollectionViewCellViewModel.swift */ = {isa = PBXFileReference; lastKnownFileType = sourcecode.swift; path = RMCharacterPhotoCollectionViewCellViewModel.swift; sourceTree = "<group>"; };
		0B0892532982B9F300696B13 /* RMCharacterInfoCollectionViewCellViewModel.swift */ = {isa = PBXFileReference; lastKnownFileType = sourcecode.swift; path = RMCharacterInfoCollectionViewCellViewModel.swift; sourceTree = "<group>"; };
		0B0892552982BA0000696B13 /* RMCharacterEpisodeCollectionViewCellViewModel.swift */ = {isa = PBXFileReference; lastKnownFileType = sourcecode.swift; path = RMCharacterEpisodeCollectionViewCellViewModel.swift; sourceTree = "<group>"; };
		0B2DD29A2980497400C54345 /* RMImageLoader.swift */ = {isa = PBXFileReference; lastKnownFileType = sourcecode.swift; path = RMImageLoader.swift; sourceTree = "<group>"; };
		0B891E622975485600B65F72 /* RickAndMorty.app */ = {isa = PBXFileReference; explicitFileType = wrapper.application; includeInIndex = 0; path = RickAndMorty.app; sourceTree = BUILT_PRODUCTS_DIR; };
		0B891E652975485600B65F72 /* AppDelegate.swift */ = {isa = PBXFileReference; lastKnownFileType = sourcecode.swift; path = AppDelegate.swift; sourceTree = "<group>"; };
		0B891E672975485600B65F72 /* SceneDelegate.swift */ = {isa = PBXFileReference; lastKnownFileType = sourcecode.swift; path = SceneDelegate.swift; sourceTree = "<group>"; };
		0B891E692975485600B65F72 /* RMTabBarController.swift */ = {isa = PBXFileReference; lastKnownFileType = sourcecode.swift; path = RMTabBarController.swift; sourceTree = "<group>"; };
		0B891E6E2975485700B65F72 /* Assets.xcassets */ = {isa = PBXFileReference; lastKnownFileType = folder.assetcatalog; path = Assets.xcassets; sourceTree = "<group>"; };
		0B891E712975485700B65F72 /* Base */ = {isa = PBXFileReference; lastKnownFileType = file.storyboard; name = Base; path = Base.lproj/LaunchScreen.storyboard; sourceTree = "<group>"; };
		0B891E732975485700B65F72 /* Info.plist */ = {isa = PBXFileReference; lastKnownFileType = text.plist.xml; path = Info.plist; sourceTree = "<group>"; };
		0B891E8029754AB900B65F72 /* RMLocation.swift */ = {isa = PBXFileReference; lastKnownFileType = sourcecode.swift; path = RMLocation.swift; sourceTree = "<group>"; };
		0B891E8229754ACD00B65F72 /* RMCharacter.swift */ = {isa = PBXFileReference; lastKnownFileType = sourcecode.swift; path = RMCharacter.swift; sourceTree = "<group>"; };
		0B891E8429754AF000B65F72 /* RMEpisode.swift */ = {isa = PBXFileReference; lastKnownFileType = sourcecode.swift; path = RMEpisode.swift; sourceTree = "<group>"; };
		0B891E8729754B4900B65F72 /* RMCharacterViewController.swift */ = {isa = PBXFileReference; lastKnownFileType = sourcecode.swift; path = RMCharacterViewController.swift; sourceTree = "<group>"; };
		0B891E8929754B6200B65F72 /* RMLocationViewController.swift */ = {isa = PBXFileReference; lastKnownFileType = sourcecode.swift; path = RMLocationViewController.swift; sourceTree = "<group>"; };
		0B891E8B29754B7600B65F72 /* RMEpisodeViewController.swift */ = {isa = PBXFileReference; lastKnownFileType = sourcecode.swift; path = RMEpisodeViewController.swift; sourceTree = "<group>"; };
		0B891E8E29754B8E00B65F72 /* RMSettingsViewController.swift */ = {isa = PBXFileReference; lastKnownFileType = sourcecode.swift; path = RMSettingsViewController.swift; sourceTree = "<group>"; };
		0B891E902975CA4600B65F72 /* RMService.swift */ = {isa = PBXFileReference; lastKnownFileType = sourcecode.swift; path = RMService.swift; sourceTree = "<group>"; };
		0B891E922975CA5A00B65F72 /* RMRequest.swift */ = {isa = PBXFileReference; lastKnownFileType = sourcecode.swift; path = RMRequest.swift; sourceTree = "<group>"; };
		0B891E942975CAF100B65F72 /* RMEndPoint.swift */ = {isa = PBXFileReference; lastKnownFileType = sourcecode.swift; path = RMEndPoint.swift; sourceTree = "<group>"; };
		0B891E962976CEE400B65F72 /* RMOrigin.swift */ = {isa = PBXFileReference; lastKnownFileType = sourcecode.swift; path = RMOrigin.swift; sourceTree = "<group>"; };
		0B891E982976CF4B00B65F72 /* RMSingleLocation.swift */ = {isa = PBXFileReference; lastKnownFileType = sourcecode.swift; path = RMSingleLocation.swift; sourceTree = "<group>"; };
		0B891E9A2976D0F100B65F72 /* RMCharacterStatus.swift */ = {isa = PBXFileReference; lastKnownFileType = sourcecode.swift; path = RMCharacterStatus.swift; sourceTree = "<group>"; };
		0B891E9C2976D11D00B65F72 /* RMCharacterGender.swift */ = {isa = PBXFileReference; lastKnownFileType = sourcecode.swift; path = RMCharacterGender.swift; sourceTree = "<group>"; };
		0B93A6952989A68100A26350 /* RMEpisodeDetailViewController.swift */ = {isa = PBXFileReference; lastKnownFileType = sourcecode.swift; path = RMEpisodeDetailViewController.swift; sourceTree = "<group>"; };
		0B93A697298AD13400A26350 /* RMAPICacheManager.swift */ = {isa = PBXFileReference; lastKnownFileType = sourcecode.swift; path = RMAPICacheManager.swift; sourceTree = "<group>"; };
		0B93A699298ADD5400A26350 /* RMEpisodeDetailViewViewModel.swift */ = {isa = PBXFileReference; lastKnownFileType = sourcecode.swift; path = RMEpisodeDetailViewViewModel.swift; sourceTree = "<group>"; };
		0B93A69B298ADDC100A26350 /* RMEpisodeDetailView.swift */ = {isa = PBXFileReference; lastKnownFileType = sourcecode.swift; path = RMEpisodeDetailView.swift; sourceTree = "<group>"; };
		0B93A69E298C291D00A26350 /* RMEpisodeListView.swift */ = {isa = PBXFileReference; lastKnownFileType = sourcecode.swift; path = RMEpisodeListView.swift; sourceTree = "<group>"; };
		0B93A6A0298C2BE300A26350 /* RMEpisodeListViewViewModel.swift */ = {isa = PBXFileReference; lastKnownFileType = sourcecode.swift; path = RMEpisodeListViewViewModel.swift; sourceTree = "<group>"; };
		0B93A6A2298D7D1400A26350 /* RMGetAllEpisodesResponse.swift */ = {isa = PBXFileReference; lastKnownFileType = sourcecode.swift; path = RMGetAllEpisodesResponse.swift; sourceTree = "<group>"; };
		0B93A6A4298E994900A26350 /* RMSearchViewController.swift */ = {isa = PBXFileReference; lastKnownFileType = sourcecode.swift; path = RMSearchViewController.swift; sourceTree = "<group>"; };
		0B93A6A7298FF51C00A26350 /* RMEpisodeInfoCollectionViewCell.swift */ = {isa = PBXFileReference; lastKnownFileType = sourcecode.swift; path = RMEpisodeInfoCollectionViewCell.swift; sourceTree = "<group>"; };
		0B93A6AA298FF55D00A26350 /* RMEpisodeInfoCollectionViewCellViewModel.swift */ = {isa = PBXFileReference; lastKnownFileType = sourcecode.swift; path = RMEpisodeInfoCollectionViewCellViewModel.swift; sourceTree = "<group>"; };
		0B93A6AD299426CF00A26350 /* RMSettingsViewViewModel.swift */ = {isa = PBXFileReference; lastKnownFileType = sourcecode.swift; path = RMSettingsViewViewModel.swift; sourceTree = "<group>"; };
		0B93A6AF2994273000A26350 /* RMSettingsCellViewModel.swift */ = {isa = PBXFileReference; lastKnownFileType = sourcecode.swift; path = RMSettingsCellViewModel.swift; sourceTree = "<group>"; };
		0B93A6B1299427F200A26350 /* RMSettingsOption.swift */ = {isa = PBXFileReference; lastKnownFileType = sourcecode.swift; path = RMSettingsOption.swift; sourceTree = "<group>"; };
		0B93A6B42995613F00A26350 /* RMSettingsView.swift */ = {isa = PBXFileReference; lastKnownFileType = sourcecode.swift; path = RMSettingsView.swift; sourceTree = "<group>"; };
		0B93A6B7299AA9A800A26350 /* RMLocationView.swift */ = {isa = PBXFileReference; lastKnownFileType = sourcecode.swift; path = RMLocationView.swift; sourceTree = "<group>"; };
		0B93A6B9299AAC2300A26350 /* RMLocationViewViewModel.swift */ = {isa = PBXFileReference; lastKnownFileType = sourcecode.swift; path = RMLocationViewViewModel.swift; sourceTree = "<group>"; };
		0BC6B83A29773C1B0017EDD7 /* RMGetAllCharactersResponse.swift */ = {isa = PBXFileReference; lastKnownFileType = sourcecode.swift; path = RMGetAllCharactersResponse.swift; sourceTree = "<group>"; };
		0BC6B83C2977F5AC0017EDD7 /* RMCharacterListViewViewModel.swift */ = {isa = PBXFileReference; lastKnownFileType = sourcecode.swift; path = RMCharacterListViewViewModel.swift; sourceTree = "<group>"; };
		0BC6B83E2977F63A0017EDD7 /* RMCharacterListView.swift */ = {isa = PBXFileReference; lastKnownFileType = sourcecode.swift; path = RMCharacterListView.swift; sourceTree = "<group>"; };
		0BC6B8402978602B0017EDD7 /* Extensions.swift */ = {isa = PBXFileReference; lastKnownFileType = sourcecode.swift; path = Extensions.swift; sourceTree = "<group>"; };
		0BC6B84229794A5E0017EDD7 /* RMCharacterCollectionViewCell.swift */ = {isa = PBXFileReference; lastKnownFileType = sourcecode.swift; path = RMCharacterCollectionViewCell.swift; sourceTree = "<group>"; };
		0BC6B84429794C3D0017EDD7 /* RMCharacterCollectionViewCellViewModel.swift */ = {isa = PBXFileReference; lastKnownFileType = sourcecode.swift; path = RMCharacterCollectionViewCellViewModel.swift; sourceTree = "<group>"; };
		0BC6B847297B117B0017EDD7 /* RMCharacterDetailViewController.swift */ = {isa = PBXFileReference; lastKnownFileType = sourcecode.swift; path = RMCharacterDetailViewController.swift; sourceTree = "<group>"; };
		0BC6B849297B124A0017EDD7 /* RMCharacterDetailView.swift */ = {isa = PBXFileReference; lastKnownFileType = sourcecode.swift; path = RMCharacterDetailView.swift; sourceTree = "<group>"; };
		0BC6B84B297B126E0017EDD7 /* RMCharacterDetailViewViewModel.swift */ = {isa = PBXFileReference; lastKnownFileType = sourcecode.swift; path = RMCharacterDetailViewViewModel.swift; sourceTree = "<group>"; };
		0BC6B84D297D902C0017EDD7 /* RMFooterLoadingCollectionReusableView.swift */ = {isa = PBXFileReference; lastKnownFileType = sourcecode.swift; path = RMFooterLoadingCollectionReusableView.swift; sourceTree = "<group>"; };
/* End PBXFileReference section */

/* Begin PBXFrameworksBuildPhase section */
		0B891E5F2975485600B65F72 /* Frameworks */ = {
			isa = PBXFrameworksBuildPhase;
			buildActionMask = 2147483647;
			files = (
			);
			runOnlyForDeploymentPostprocessing = 0;
		};
/* End PBXFrameworksBuildPhase section */

/* Begin PBXGroup section */
		0B0892482982B8DF00696B13 /* CharacterDetail */ = {
			isa = PBXGroup;
			children = (
				0BC6B849297B124A0017EDD7 /* RMCharacterDetailView.swift */,
				0B08924A2982B96D00696B13 /* RMCharacterPhotoCollectionViewCell.swift */,
				0B08924C2982B98500696B13 /* RMCharacterInfoCollectionViewCell.swift */,
				0B08924E2982B99300696B13 /* RMCharacterEpisodeCollectionViewCell.swift */,
			);
			path = CharacterDetail;
			sourceTree = "<group>";
		};
		0B0892492982B8F500696B13 /* Character */ = {
			isa = PBXGroup;
			children = (
				0BC6B83E2977F63A0017EDD7 /* RMCharacterListView.swift */,
				0BC6B84229794A5E0017EDD7 /* RMCharacterCollectionViewCell.swift */,
			);
			path = Character;
			sourceTree = "<group>";
		};
		0B0892502982B99E00696B13 /* CharacterDetail */ = {
			isa = PBXGroup;
			children = (
				0BC6B84B297B126E0017EDD7 /* RMCharacterDetailViewViewModel.swift */,
				0B0892512982B9DF00696B13 /* RMCharacterPhotoCollectionViewCellViewModel.swift */,
				0B0892532982B9F300696B13 /* RMCharacterInfoCollectionViewCellViewModel.swift */,
				0B0892552982BA0000696B13 /* RMCharacterEpisodeCollectionViewCellViewModel.swift */,
			);
			path = CharacterDetail;
			sourceTree = "<group>";
		};
		0B891E592975485600B65F72 = {
			isa = PBXGroup;
			children = (
				0B891E642975485600B65F72 /* RickAndMorty */,
				0B891E632975485600B65F72 /* Products */,
			);
			sourceTree = "<group>";
		};
		0B891E632975485600B65F72 /* Products */ = {
			isa = PBXGroup;
			children = (
				0B891E622975485600B65F72 /* RickAndMorty.app */,
			);
			name = Products;
			sourceTree = "<group>";
		};
		0B891E642975485600B65F72 /* RickAndMorty */ = {
			isa = PBXGroup;
			children = (
				0B891E7F29754A1A00B65F72 /* Recources */,
				0B891E7D297549F500B65F72 /* Managers */,
				0B891E7E297549FD00B65F72 /* APIClient */,
				0B891E7C297549ED00B65F72 /* ViewModels */,
				0B891E7B297549E600B65F72 /* Views */,
				0B891E7A297549E000B65F72 /* Models */,
				0B891E79297549D100B65F72 /* Controllers */,
				0B891E732975485700B65F72 /* Info.plist */,
			);
			path = RickAndMorty;
			sourceTree = "<group>";
		};
		0B891E79297549D100B65F72 /* Controllers */ = {
			isa = PBXGroup;
			children = (
				0BC6B846297B11560017EDD7 /* Other */,
				0B891E8629754B1D00B65F72 /* Core */,
			);
			path = Controllers;
			sourceTree = "<group>";
		};
		0B891E7A297549E000B65F72 /* Models */ = {
			isa = PBXGroup;
			children = (
				0BC6B83929773BF90017EDD7 /* ResponseTypes */,
				0BC6B83829773BDD0017EDD7 /* DataTypes */,
			);
			path = Models;
			sourceTree = "<group>";
		};
		0B891E7B297549E600B65F72 /* Views */ = {
			isa = PBXGroup;
			children = (
				0B93A6B6299AA98400A26350 /* Location */,
				0B93A6B32995611D00A26350 /* SwiftUI */,
				0B93A6A6298FF4DE00A26350 /* EpisodeDetails */,
				0B93A69D298C28FD00A26350 /* Episode */,
				0B0892482982B8DF00696B13 /* CharacterDetail */,
				0B0892492982B8F500696B13 /* Character */,
				0BC6B84D297D902C0017EDD7 /* RMFooterLoadingCollectionReusableView.swift */,
			);
			path = Views;
			sourceTree = "<group>";
		};
		0B891E7C297549ED00B65F72 /* ViewModels */ = {
			isa = PBXGroup;
			children = (
				0B93A6AC299426AA00A26350 /* Settings */,
				0B93A6A9298FF53500A26350 /* EpisodeDetail */,
				0B0892502982B99E00696B13 /* CharacterDetail */,
				0BC6B83C2977F5AC0017EDD7 /* RMCharacterListViewViewModel.swift */,
				0BC6B84429794C3D0017EDD7 /* RMCharacterCollectionViewCellViewModel.swift */,
				0B93A6A0298C2BE300A26350 /* RMEpisodeListViewViewModel.swift */,
				0B93A6B9299AAC2300A26350 /* RMLocationViewViewModel.swift */,
			);
			path = ViewModels;
			sourceTree = "<group>";
		};
		0B891E7D297549F500B65F72 /* Managers */ = {
			isa = PBXGroup;
			children = (
				0B2DD29A2980497400C54345 /* RMImageLoader.swift */,
				0B93A697298AD13400A26350 /* RMAPICacheManager.swift */,
			);
			path = Managers;
			sourceTree = "<group>";
		};
		0B891E7E297549FD00B65F72 /* APIClient */ = {
			isa = PBXGroup;
			children = (
				0B891E902975CA4600B65F72 /* RMService.swift */,
				0B891E922975CA5A00B65F72 /* RMRequest.swift */,
				0B891E942975CAF100B65F72 /* RMEndPoint.swift */,
			);
			path = APIClient;
			sourceTree = "<group>";
		};
		0B891E7F29754A1A00B65F72 /* Recources */ = {
			isa = PBXGroup;
			children = (
				0B891E6E2975485700B65F72 /* Assets.xcassets */,
				0B891E702975485700B65F72 /* LaunchScreen.storyboard */,
				0B891E652975485600B65F72 /* AppDelegate.swift */,
				0B891E672975485600B65F72 /* SceneDelegate.swift */,
				0BC6B8402978602B0017EDD7 /* Extensions.swift */,
			);
			path = Recources;
			sourceTree = "<group>";
		};
		0B891E8629754B1D00B65F72 /* Core */ = {
			isa = PBXGroup;
			children = (
				0B891E692975485600B65F72 /* RMTabBarController.swift */,
				0B891E8729754B4900B65F72 /* RMCharacterViewController.swift */,
				0B891E8929754B6200B65F72 /* RMLocationViewController.swift */,
				0B891E8B29754B7600B65F72 /* RMEpisodeViewController.swift */,
				0B891E8E29754B8E00B65F72 /* RMSettingsViewController.swift */,
			);
			path = Core;
			sourceTree = "<group>";
		};
		0B93A69D298C28FD00A26350 /* Episode */ = {
			isa = PBXGroup;
			children = (
				0B93A69E298C291D00A26350 /* RMEpisodeListView.swift */,
			);
			path = Episode;
			sourceTree = "<group>";
		};
		0B93A6A6298FF4DE00A26350 /* EpisodeDetails */ = {
			isa = PBXGroup;
			children = (
				0B93A69B298ADDC100A26350 /* RMEpisodeDetailView.swift */,
				0B93A6A7298FF51C00A26350 /* RMEpisodeInfoCollectionViewCell.swift */,
			);
			path = EpisodeDetails;
			sourceTree = "<group>";
		};
		0B93A6A9298FF53500A26350 /* EpisodeDetail */ = {
			isa = PBXGroup;
			children = (
				0B93A699298ADD5400A26350 /* RMEpisodeDetailViewViewModel.swift */,
				0B93A6AA298FF55D00A26350 /* RMEpisodeInfoCollectionViewCellViewModel.swift */,
			);
			path = EpisodeDetail;
			sourceTree = "<group>";
		};
		0B93A6AC299426AA00A26350 /* Settings */ = {
			isa = PBXGroup;
			children = (
				0B93A6AD299426CF00A26350 /* RMSettingsViewViewModel.swift */,
				0B93A6AF2994273000A26350 /* RMSettingsCellViewModel.swift */,
				0B93A6B1299427F200A26350 /* RMSettingsOption.swift */,
			);
			path = Settings;
			sourceTree = "<group>";
		};
		0B93A6B32995611D00A26350 /* SwiftUI */ = {
			isa = PBXGroup;
			children = (
				0B93A6B42995613F00A26350 /* RMSettingsView.swift */,
			);
			path = SwiftUI;
			sourceTree = "<group>";
		};
		0B93A6B6299AA98400A26350 /* Location */ = {
			isa = PBXGroup;
			children = (
				0B93A6B7299AA9A800A26350 /* RMLocationView.swift */,
			);
			path = Location;
			sourceTree = "<group>";
		};
		0BC6B83829773BDD0017EDD7 /* DataTypes */ = {
			isa = PBXGroup;
			children = (
				0B891E8029754AB900B65F72 /* RMLocation.swift */,
				0B891E8229754ACD00B65F72 /* RMCharacter.swift */,
				0B891E8429754AF000B65F72 /* RMEpisode.swift */,
				0B891E962976CEE400B65F72 /* RMOrigin.swift */,
				0B891E982976CF4B00B65F72 /* RMSingleLocation.swift */,
				0B891E9A2976D0F100B65F72 /* RMCharacterStatus.swift */,
				0B891E9C2976D11D00B65F72 /* RMCharacterGender.swift */,
			);
			path = DataTypes;
			sourceTree = "<group>";
		};
		0BC6B83929773BF90017EDD7 /* ResponseTypes */ = {
			isa = PBXGroup;
			children = (
				0BC6B83A29773C1B0017EDD7 /* RMGetAllCharactersResponse.swift */,
				0B93A6A2298D7D1400A26350 /* RMGetAllEpisodesResponse.swift */,
			);
			path = ResponseTypes;
			sourceTree = "<group>";
		};
		0BC6B846297B11560017EDD7 /* Other */ = {
			isa = PBXGroup;
			children = (
				0BC6B847297B117B0017EDD7 /* RMCharacterDetailViewController.swift */,
				0B93A6952989A68100A26350 /* RMEpisodeDetailViewController.swift */,
				0B93A6A4298E994900A26350 /* RMSearchViewController.swift */,
			);
			path = Other;
			sourceTree = "<group>";
		};
/* End PBXGroup section */

/* Begin PBXNativeTarget section */
		0B891E612975485600B65F72 /* RickAndMorty */ = {
			isa = PBXNativeTarget;
			buildConfigurationList = 0B891E762975485700B65F72 /* Build configuration list for PBXNativeTarget "RickAndMorty" */;
			buildPhases = (
				0B891E5E2975485600B65F72 /* Sources */,
				0B891E5F2975485600B65F72 /* Frameworks */,
				0B891E602975485600B65F72 /* Resources */,
			);
			buildRules = (
			);
			dependencies = (
			);
			name = RickAndMorty;
			productName = RickAndMorty;
			productReference = 0B891E622975485600B65F72 /* RickAndMorty.app */;
			productType = "com.apple.product-type.application";
		};
/* End PBXNativeTarget section */

/* Begin PBXProject section */
		0B891E5A2975485600B65F72 /* Project object */ = {
			isa = PBXProject;
			attributes = {
				BuildIndependentTargetsInParallel = 1;
				LastSwiftUpdateCheck = 1420;
				LastUpgradeCheck = 1420;
				TargetAttributes = {
					0B891E612975485600B65F72 = {
						CreatedOnToolsVersion = 14.2;
					};
				};
			};
			buildConfigurationList = 0B891E5D2975485600B65F72 /* Build configuration list for PBXProject "RickAndMorty" */;
			compatibilityVersion = "Xcode 14.0";
			developmentRegion = en;
			hasScannedForEncodings = 0;
			knownRegions = (
				en,
				Base,
			);
			mainGroup = 0B891E592975485600B65F72;
			productRefGroup = 0B891E632975485600B65F72 /* Products */;
			projectDirPath = "";
			projectRoot = "";
			targets = (
				0B891E612975485600B65F72 /* RickAndMorty */,
			);
		};
/* End PBXProject section */

/* Begin PBXResourcesBuildPhase section */
		0B891E602975485600B65F72 /* Resources */ = {
			isa = PBXResourcesBuildPhase;
			buildActionMask = 2147483647;
			files = (
				0B891E722975485700B65F72 /* LaunchScreen.storyboard in Resources */,
				0B891E6F2975485700B65F72 /* Assets.xcassets in Resources */,
			);
			runOnlyForDeploymentPostprocessing = 0;
		};
/* End PBXResourcesBuildPhase section */

/* Begin PBXSourcesBuildPhase section */
		0B891E5E2975485600B65F72 /* Sources */ = {
			isa = PBXSourcesBuildPhase;
			buildActionMask = 2147483647;
			files = (
				0B891E972976CEE400B65F72 /* RMOrigin.swift in Sources */,
				0BC6B84C297B126E0017EDD7 /* RMCharacterDetailViewViewModel.swift in Sources */,
				0B08924F2982B99300696B13 /* RMCharacterEpisodeCollectionViewCell.swift in Sources */,
				0B93A6A5298E994A00A26350 /* RMSearchViewController.swift in Sources */,
				0B891E992976CF4B00B65F72 /* RMSingleLocation.swift in Sources */,
				0BC6B83F2977F63A0017EDD7 /* RMCharacterListView.swift in Sources */,
				0BC6B83B29773C1B0017EDD7 /* RMGetAllCharactersResponse.swift in Sources */,
				0B891E9B2976D0F100B65F72 /* RMCharacterStatus.swift in Sources */,
				0B891E9D2976D11D00B65F72 /* RMCharacterGender.swift in Sources */,
				0BC6B848297B117B0017EDD7 /* RMCharacterDetailViewController.swift in Sources */,
				0B93A69F298C291D00A26350 /* RMEpisodeListView.swift in Sources */,
				0BC6B84E297D902C0017EDD7 /* RMFooterLoadingCollectionReusableView.swift in Sources */,
				0B0892562982BA0000696B13 /* RMCharacterEpisodeCollectionViewCellViewModel.swift in Sources */,
				0B08924D2982B98500696B13 /* RMCharacterInfoCollectionViewCell.swift in Sources */,
				0B93A6AE299426CF00A26350 /* RMSettingsViewViewModel.swift in Sources */,
				0B891E8A29754B6200B65F72 /* RMLocationViewController.swift in Sources */,
				0B891E8529754AF000B65F72 /* RMEpisode.swift in Sources */,
				0B891E6A2975485600B65F72 /* RMTabBarController.swift in Sources */,
				0B93A6B2299427F200A26350 /* RMSettingsOption.swift in Sources */,
				0BC6B84329794A5E0017EDD7 /* RMCharacterCollectionViewCell.swift in Sources */,
				0B891E8C29754B7600B65F72 /* RMEpisodeViewController.swift in Sources */,
				0B2DD29B2980497400C54345 /* RMImageLoader.swift in Sources */,
				0B891E662975485600B65F72 /* AppDelegate.swift in Sources */,
				0B0892542982B9F300696B13 /* RMCharacterInfoCollectionViewCellViewModel.swift in Sources */,
				0B891E682975485600B65F72 /* SceneDelegate.swift in Sources */,
				0B93A6B02994273000A26350 /* RMSettingsCellViewModel.swift in Sources */,
				0B93A6B52995613F00A26350 /* RMSettingsView.swift in Sources */,
				0B08924B2982B96D00696B13 /* RMCharacterPhotoCollectionViewCell.swift in Sources */,
				0B93A698298AD13400A26350 /* RMAPICacheManager.swift in Sources */,
				0B891E8F29754B8E00B65F72 /* RMSettingsViewController.swift in Sources */,
				0B0892522982B9DF00696B13 /* RMCharacterPhotoCollectionViewCellViewModel.swift in Sources */,
				0BC6B8412978602B0017EDD7 /* Extensions.swift in Sources */,
				0B891E952975CAF100B65F72 /* RMEndPoint.swift in Sources */,
				0B891E912975CA4600B65F72 /* RMService.swift in Sources */,
				0B93A69C298ADDC100A26350 /* RMEpisodeDetailView.swift in Sources */,
				0B93A6962989A68100A26350 /* RMEpisodeDetailViewController.swift in Sources */,
				0B891E8129754AB900B65F72 /* RMLocation.swift in Sources */,
				0B891E8329754ACD00B65F72 /* RMCharacter.swift in Sources */,
				0BC6B84529794C3D0017EDD7 /* RMCharacterCollectionViewCellViewModel.swift in Sources */,
				0B891E932975CA5A00B65F72 /* RMRequest.swift in Sources */,
				0BC6B83D2977F5AC0017EDD7 /* RMCharacterListViewViewModel.swift in Sources */,
				0B93A6B8299AA9A800A26350 /* RMLocationView.swift in Sources */,
				0B93A6A1298C2BE300A26350 /* RMEpisodeListViewViewModel.swift in Sources */,
				0B891E8829754B4900B65F72 /* RMCharacterViewController.swift in Sources */,
				0B93A6A3298D7D1400A26350 /* RMGetAllEpisodesResponse.swift in Sources */,
				0B93A6AB298FF55D00A26350 /* RMEpisodeInfoCollectionViewCellViewModel.swift in Sources */,
				0B93A6A8298FF51C00A26350 /* RMEpisodeInfoCollectionViewCell.swift in Sources */,
				0B93A69A298ADD5400A26350 /* RMEpisodeDetailViewViewModel.swift in Sources */,
				0BC6B84A297B124A0017EDD7 /* RMCharacterDetailView.swift in Sources */,
				0B93A6BA299AAC2300A26350 /* RMLocationViewViewModel.swift in Sources */,
			);
			runOnlyForDeploymentPostprocessing = 0;
		};
/* End PBXSourcesBuildPhase section */

/* Begin PBXVariantGroup section */
		0B891E702975485700B65F72 /* LaunchScreen.storyboard */ = {
			isa = PBXVariantGroup;
			children = (
				0B891E712975485700B65F72 /* Base */,
			);
			name = LaunchScreen.storyboard;
			sourceTree = "<group>";
		};
/* End PBXVariantGroup section */

/* Begin XCBuildConfiguration section */
		0B891E742975485700B65F72 /* Debug */ = {
			isa = XCBuildConfiguration;
			buildSettings = {
				ALWAYS_SEARCH_USER_PATHS = NO;
				CLANG_ANALYZER_NONNULL = YES;
				CLANG_ANALYZER_NUMBER_OBJECT_CONVERSION = YES_AGGRESSIVE;
				CLANG_CXX_LANGUAGE_STANDARD = "gnu++20";
				CLANG_ENABLE_MODULES = YES;
				CLANG_ENABLE_OBJC_ARC = YES;
				CLANG_ENABLE_OBJC_WEAK = YES;
				CLANG_WARN_BLOCK_CAPTURE_AUTORELEASING = YES;
				CLANG_WARN_BOOL_CONVERSION = YES;
				CLANG_WARN_COMMA = YES;
				CLANG_WARN_CONSTANT_CONVERSION = YES;
				CLANG_WARN_DEPRECATED_OBJC_IMPLEMENTATIONS = YES;
				CLANG_WARN_DIRECT_OBJC_ISA_USAGE = YES_ERROR;
				CLANG_WARN_DOCUMENTATION_COMMENTS = YES;
				CLANG_WARN_EMPTY_BODY = YES;
				CLANG_WARN_ENUM_CONVERSION = YES;
				CLANG_WARN_INFINITE_RECURSION = YES;
				CLANG_WARN_INT_CONVERSION = YES;
				CLANG_WARN_NON_LITERAL_NULL_CONVERSION = YES;
				CLANG_WARN_OBJC_IMPLICIT_RETAIN_SELF = YES;
				CLANG_WARN_OBJC_LITERAL_CONVERSION = YES;
				CLANG_WARN_OBJC_ROOT_CLASS = YES_ERROR;
				CLANG_WARN_QUOTED_INCLUDE_IN_FRAMEWORK_HEADER = YES;
				CLANG_WARN_RANGE_LOOP_ANALYSIS = YES;
				CLANG_WARN_STRICT_PROTOTYPES = YES;
				CLANG_WARN_SUSPICIOUS_MOVE = YES;
				CLANG_WARN_UNGUARDED_AVAILABILITY = YES_AGGRESSIVE;
				CLANG_WARN_UNREACHABLE_CODE = YES;
				CLANG_WARN__DUPLICATE_METHOD_MATCH = YES;
				COPY_PHASE_STRIP = NO;
				DEBUG_INFORMATION_FORMAT = dwarf;
				ENABLE_STRICT_OBJC_MSGSEND = YES;
				ENABLE_TESTABILITY = YES;
				GCC_C_LANGUAGE_STANDARD = gnu11;
				GCC_DYNAMIC_NO_PIC = NO;
				GCC_NO_COMMON_BLOCKS = YES;
				GCC_OPTIMIZATION_LEVEL = 0;
				GCC_PREPROCESSOR_DEFINITIONS = (
					"DEBUG=1",
					"$(inherited)",
				);
				GCC_WARN_64_TO_32_BIT_CONVERSION = YES;
				GCC_WARN_ABOUT_RETURN_TYPE = YES_ERROR;
				GCC_WARN_UNDECLARED_SELECTOR = YES;
				GCC_WARN_UNINITIALIZED_AUTOS = YES_AGGRESSIVE;
				GCC_WARN_UNUSED_FUNCTION = YES;
				GCC_WARN_UNUSED_VARIABLE = YES;
				IPHONEOS_DEPLOYMENT_TARGET = 16.2;
				MTL_ENABLE_DEBUG_INFO = INCLUDE_SOURCE;
				MTL_FAST_MATH = YES;
				ONLY_ACTIVE_ARCH = YES;
				SDKROOT = iphoneos;
				SWIFT_ACTIVE_COMPILATION_CONDITIONS = DEBUG;
				SWIFT_OPTIMIZATION_LEVEL = "-Onone";
			};
			name = Debug;
		};
		0B891E752975485700B65F72 /* Release */ = {
			isa = XCBuildConfiguration;
			buildSettings = {
				ALWAYS_SEARCH_USER_PATHS = NO;
				CLANG_ANALYZER_NONNULL = YES;
				CLANG_ANALYZER_NUMBER_OBJECT_CONVERSION = YES_AGGRESSIVE;
				CLANG_CXX_LANGUAGE_STANDARD = "gnu++20";
				CLANG_ENABLE_MODULES = YES;
				CLANG_ENABLE_OBJC_ARC = YES;
				CLANG_ENABLE_OBJC_WEAK = YES;
				CLANG_WARN_BLOCK_CAPTURE_AUTORELEASING = YES;
				CLANG_WARN_BOOL_CONVERSION = YES;
				CLANG_WARN_COMMA = YES;
				CLANG_WARN_CONSTANT_CONVERSION = YES;
				CLANG_WARN_DEPRECATED_OBJC_IMPLEMENTATIONS = YES;
				CLANG_WARN_DIRECT_OBJC_ISA_USAGE = YES_ERROR;
				CLANG_WARN_DOCUMENTATION_COMMENTS = YES;
				CLANG_WARN_EMPTY_BODY = YES;
				CLANG_WARN_ENUM_CONVERSION = YES;
				CLANG_WARN_INFINITE_RECURSION = YES;
				CLANG_WARN_INT_CONVERSION = YES;
				CLANG_WARN_NON_LITERAL_NULL_CONVERSION = YES;
				CLANG_WARN_OBJC_IMPLICIT_RETAIN_SELF = YES;
				CLANG_WARN_OBJC_LITERAL_CONVERSION = YES;
				CLANG_WARN_OBJC_ROOT_CLASS = YES_ERROR;
				CLANG_WARN_QUOTED_INCLUDE_IN_FRAMEWORK_HEADER = YES;
				CLANG_WARN_RANGE_LOOP_ANALYSIS = YES;
				CLANG_WARN_STRICT_PROTOTYPES = YES;
				CLANG_WARN_SUSPICIOUS_MOVE = YES;
				CLANG_WARN_UNGUARDED_AVAILABILITY = YES_AGGRESSIVE;
				CLANG_WARN_UNREACHABLE_CODE = YES;
				CLANG_WARN__DUPLICATE_METHOD_MATCH = YES;
				COPY_PHASE_STRIP = NO;
				DEBUG_INFORMATION_FORMAT = "dwarf-with-dsym";
				ENABLE_NS_ASSERTIONS = NO;
				ENABLE_STRICT_OBJC_MSGSEND = YES;
				GCC_C_LANGUAGE_STANDARD = gnu11;
				GCC_NO_COMMON_BLOCKS = YES;
				GCC_WARN_64_TO_32_BIT_CONVERSION = YES;
				GCC_WARN_ABOUT_RETURN_TYPE = YES_ERROR;
				GCC_WARN_UNDECLARED_SELECTOR = YES;
				GCC_WARN_UNINITIALIZED_AUTOS = YES_AGGRESSIVE;
				GCC_WARN_UNUSED_FUNCTION = YES;
				GCC_WARN_UNUSED_VARIABLE = YES;
				IPHONEOS_DEPLOYMENT_TARGET = 16.2;
				MTL_ENABLE_DEBUG_INFO = NO;
				MTL_FAST_MATH = YES;
				SDKROOT = iphoneos;
				SWIFT_COMPILATION_MODE = wholemodule;
				SWIFT_OPTIMIZATION_LEVEL = "-O";
				VALIDATE_PRODUCT = YES;
			};
			name = Release;
		};
		0B891E772975485700B65F72 /* Debug */ = {
			isa = XCBuildConfiguration;
			buildSettings = {
				ASSETCATALOG_COMPILER_APPICON_NAME = AppIcon;
				ASSETCATALOG_COMPILER_GLOBAL_ACCENT_COLOR_NAME = AccentColor;
				CODE_SIGN_STYLE = Automatic;
				CURRENT_PROJECT_VERSION = 1;
				DEVELOPMENT_TEAM = GPPP47UYG3;
				GENERATE_INFOPLIST_FILE = YES;
				INFOPLIST_FILE = RickAndMorty/Info.plist;
				INFOPLIST_KEY_CFBundleDisplayName = "Rick & Morty";
				INFOPLIST_KEY_LSApplicationCategoryType = "public.app-category.education";
				INFOPLIST_KEY_UIApplicationSupportsIndirectInputEvents = YES;
				INFOPLIST_KEY_UILaunchStoryboardName = LaunchScreen;
				INFOPLIST_KEY_UISupportedInterfaceOrientations_iPad = "UIInterfaceOrientationPortrait UIInterfaceOrientationPortraitUpsideDown UIInterfaceOrientationLandscapeLeft UIInterfaceOrientationLandscapeRight";
				INFOPLIST_KEY_UISupportedInterfaceOrientations_iPhone = "UIInterfaceOrientationPortrait UIInterfaceOrientationLandscapeLeft UIInterfaceOrientationLandscapeRight";
				LD_RUNPATH_SEARCH_PATHS = (
					"$(inherited)",
					"@executable_path/Frameworks",
				);
				MARKETING_VERSION = 1.0;
				PRODUCT_BUNDLE_IDENTIFIER = havvk01.RickAndMorty;
				PRODUCT_NAME = "$(TARGET_NAME)";
				SWIFT_EMIT_LOC_STRINGS = YES;
				SWIFT_VERSION = 5.0;
				TARGETED_DEVICE_FAMILY = "1,2";
			};
			name = Debug;
		};
		0B891E782975485700B65F72 /* Release */ = {
			isa = XCBuildConfiguration;
			buildSettings = {
				ASSETCATALOG_COMPILER_APPICON_NAME = AppIcon;
				ASSETCATALOG_COMPILER_GLOBAL_ACCENT_COLOR_NAME = AccentColor;
				CODE_SIGN_STYLE = Automatic;
				CURRENT_PROJECT_VERSION = 1;
				DEVELOPMENT_TEAM = GPPP47UYG3;
				GENERATE_INFOPLIST_FILE = YES;
				INFOPLIST_FILE = RickAndMorty/Info.plist;
				INFOPLIST_KEY_CFBundleDisplayName = "Rick & Morty";
				INFOPLIST_KEY_LSApplicationCategoryType = "public.app-category.education";
				INFOPLIST_KEY_UIApplicationSupportsIndirectInputEvents = YES;
				INFOPLIST_KEY_UILaunchStoryboardName = LaunchScreen;
				INFOPLIST_KEY_UISupportedInterfaceOrientations_iPad = "UIInterfaceOrientationPortrait UIInterfaceOrientationPortraitUpsideDown UIInterfaceOrientationLandscapeLeft UIInterfaceOrientationLandscapeRight";
				INFOPLIST_KEY_UISupportedInterfaceOrientations_iPhone = "UIInterfaceOrientationPortrait UIInterfaceOrientationLandscapeLeft UIInterfaceOrientationLandscapeRight";
				LD_RUNPATH_SEARCH_PATHS = (
					"$(inherited)",
					"@executable_path/Frameworks",
				);
				MARKETING_VERSION = 1.0;
				PRODUCT_BUNDLE_IDENTIFIER = havvk01.RickAndMorty;
				PRODUCT_NAME = "$(TARGET_NAME)";
				SWIFT_EMIT_LOC_STRINGS = YES;
				SWIFT_VERSION = 5.0;
				TARGETED_DEVICE_FAMILY = "1,2";
			};
			name = Release;
		};
/* End XCBuildConfiguration section */

/* Begin XCConfigurationList section */
		0B891E5D2975485600B65F72 /* Build configuration list for PBXProject "RickAndMorty" */ = {
			isa = XCConfigurationList;
			buildConfigurations = (
				0B891E742975485700B65F72 /* Debug */,
				0B891E752975485700B65F72 /* Release */,
			);
			defaultConfigurationIsVisible = 0;
			defaultConfigurationName = Release;
		};
		0B891E762975485700B65F72 /* Build configuration list for PBXNativeTarget "RickAndMorty" */ = {
			isa = XCConfigurationList;
			buildConfigurations = (
				0B891E772975485700B65F72 /* Debug */,
				0B891E782975485700B65F72 /* Release */,
			);
			defaultConfigurationIsVisible = 0;
			defaultConfigurationName = Release;
		};
/* End XCConfigurationList section */
	};
	rootObject = 0B891E5A2975485600B65F72 /* Project object */;
}
